schema: '2.0'
stages:
  ingest:
    cmd: python -m src.components.clustering.data_ingestion
    deps:
    - path: src/components/clustering/data_ingestion.py
      hash: md5
      md5: 498c8220fc77cee581c6b7585e642178
      size: 1694
    - path: src/exception.py
      hash: md5
      md5: 9d3d2356ad88f815549cd3c510e6312f
      size: 655
    - path: src/logger.py
      hash: md5
      md5: f8239907ccfd29398ae2536feab4048f
      size: 421
    - path: src/utils.py
      hash: md5
      md5: f157dc34f7b433c3da4ed0f21eff7e8c
      size: 3143
    outs:
    - path: data/stock_cluster.csv
      hash: md5
      md5: 7c2aff6122d1cfe6ec91ce3f33c7ce88
      size: 1564657
  transform:
    cmd: python -m src.components.clustering.data_transformation
    deps:
    - path: src/components/clustering/data_transformation.py
      hash: md5
      md5: c2c7d96811124be3aa715a170c6cfab9
      size: 2960
    - path: src/exception.py
      hash: md5
      md5: 9d3d2356ad88f815549cd3c510e6312f
      size: 655
    - path: src/logger.py
      hash: md5
      md5: f8239907ccfd29398ae2536feab4048f
      size: 421
    - path: src/utils.py
      hash: md5
      md5: f157dc34f7b433c3da4ed0f21eff7e8c
      size: 3143
    outs:
    - path: artifacts/preprocessor.pkl
      hash: md5
      md5: 083fba77dfc8e8ae70efd4ceafcf8246
      size: 28973
  train:
    cmd: python -m src.components.clustering.model_trainer
    deps:
    - path: src/components/clustering/data_ingestion.py
      hash: md5
      md5: 498c8220fc77cee581c6b7585e642178
      size: 1694
    - path: src/components/clustering/data_transformation.py
      hash: md5
      md5: c2c7d96811124be3aa715a170c6cfab9
      size: 2960
    - path: src/exception.py
      hash: md5
      md5: 9d3d2356ad88f815549cd3c510e6312f
      size: 655
    - path: src/logger.py
      hash: md5
      md5: f8239907ccfd29398ae2536feab4048f
      size: 421
    - path: src/utils.py
      hash: md5
      md5: f157dc34f7b433c3da4ed0f21eff7e8c
      size: 3143
    outs:
    - path: artifacts/model.pkl
      hash: md5
      md5: 1848dbc8109fd03af9dacab1a17e5b4c
      size: 285705
