schema: '2.0'
stages:
  ingest:
    cmd: python -m src.components.clustering.data_ingestion
    deps:
    - path: src/components/clustering/data_ingestion.py
      hash: md5
      md5: 498c8220fc77cee581c6b7585e642178
      size: 1694
    - path: src/exception.py
      hash: md5
      md5: 9d3d2356ad88f815549cd3c510e6312f
      size: 655
    - path: src/logger.py
      hash: md5
      md5: f8239907ccfd29398ae2536feab4048f
      size: 421
    - path: src/utils.py
      hash: md5
      md5: 8678bc6d563d7ce51c410bfcc9d359ec
      size: 3369
    outs:
    - path: data/stock_cluster.csv
      hash: md5
      md5: d22758958deacb8332a5b22667b1179f
      size: 1564657
  transform:
    cmd: python -m src.components.clustering.data_transformation
    deps:
    - path: src/components/clustering/data_transformation.py
      hash: md5
      md5: bef61b677806943d91047970fcb8599f
      size: 2965
    - path: src/exception.py
      hash: md5
      md5: 9d3d2356ad88f815549cd3c510e6312f
      size: 655
    - path: src/logger.py
      hash: md5
      md5: f8239907ccfd29398ae2536feab4048f
      size: 421
    - path: src/utils.py
      hash: md5
      md5: 8678bc6d563d7ce51c410bfcc9d359ec
      size: 3369
    outs:
    - path: artifacts/preprocessor.pkl
      hash: md5
      md5: f040f97116a2039e96913abae7253152
      size: 28878
  train:
    cmd: python -m src.components.clustering.model_trainer
    deps:
    - path: src/components/clustering/data_ingestion.py
      hash: md5
      md5: 498c8220fc77cee581c6b7585e642178
      size: 1694
    - path: src/components/clustering/data_transformation.py
      hash: md5
      md5: bef61b677806943d91047970fcb8599f
      size: 2965
    - path: src/exception.py
      hash: md5
      md5: 9d3d2356ad88f815549cd3c510e6312f
      size: 655
    - path: src/logger.py
      hash: md5
      md5: f8239907ccfd29398ae2536feab4048f
      size: 421
    - path: src/utils.py
      hash: md5
      md5: 8678bc6d563d7ce51c410bfcc9d359ec
      size: 3369
    outs:
    - path: artifacts/model.pkl
      hash: md5
      md5: c0ca674ff1c3c273a87b91c152d73195
      size: 285693
